<?xml version="1.0" encoding="UTF-8"?>
<CodeBlocks_project_file>
	<FileVersion major="1" minor="6"/>
	<Project>
		<Option title="MarioBros-Ballestrinque"/>
		<Option makefile_is_custom="1"/>
		<Option compiler="gcc"/>
		<Option virtualFolders="CMake Files\;CMake Files\Google_tests\;CMake Files\Google_tests\lib\;CMake Files\Google_tests\lib\googlemock\;CMake Files\Google_tests\lib\googlemock\cmake\;CMake Files\Google_tests\lib\googletest\;CMake Files\Google_tests\lib\googletest\cmake\;CMake Files\..\;CMake Files\..\..\;CMake Files\..\..\..\;CMake Files\..\..\..\..\;CMake Files\..\..\..\..\..\;CMake Files\..\..\..\..\..\usr\;CMake Files\..\..\..\..\..\usr\lib\;CMake Files\..\..\..\..\..\usr\lib\x86_64-linux-gnu\;CMake Files\..\..\..\..\..\usr\lib\x86_64-linux-gnu\cmake\;CMake Files\..\..\..\..\..\usr\lib\x86_64-linux-gnu\cmake\SDL2\;"/>
		<Build>
			<Target title="all">
				<Option working_dir="/home/bata340/Documentos/Taller_I/MarioBros-Ballestrinque"/>
				<Option type="4"/>
				<MakeCommands>
					<Build command="/usr/bin/make -f &quot;/home/bata340/Documentos/Taller_I/MarioBros-Ballestrinque/Makefile&quot;  VERBOSE=1 all"/>
					<CompileFile command="/usr/bin/make -f &quot;/home/bata340/Documentos/Taller_I/MarioBros-Ballestrinque/Makefile&quot;  VERBOSE=1 &quot;$file&quot;"/>
					<Clean command="/usr/bin/make -f &quot;/home/bata340/Documentos/Taller_I/MarioBros-Ballestrinque/Makefile&quot;  VERBOSE=1 clean"/>
					<DistClean command="/usr/bin/make -f &quot;/home/bata340/Documentos/Taller_I/MarioBros-Ballestrinque/Makefile&quot;  VERBOSE=1 clean"/>
				</MakeCommands>
			</Target>
			<Target title="install/strip">
				<Option working_dir="/home/bata340/Documentos/Taller_I/MarioBros-Ballestrinque"/>
				<Option type="4"/>
				<MakeCommands>
					<Build command="/usr/bin/make -f &quot;/home/bata340/Documentos/Taller_I/MarioBros-Ballestrinque/Makefile&quot;  VERBOSE=1 install/strip"/>
					<CompileFile command="/usr/bin/make -f &quot;/home/bata340/Documentos/Taller_I/MarioBros-Ballestrinque/Makefile&quot;  VERBOSE=1 &quot;$file&quot;"/>
					<Clean command="/usr/bin/make -f &quot;/home/bata340/Documentos/Taller_I/MarioBros-Ballestrinque/Makefile&quot;  VERBOSE=1 clean"/>
					<DistClean command="/usr/bin/make -f &quot;/home/bata340/Documentos/Taller_I/MarioBros-Ballestrinque/Makefile&quot;  VERBOSE=1 clean"/>
				</MakeCommands>
			</Target>
			<Target title="install/local">
				<Option working_dir="/home/bata340/Documentos/Taller_I/MarioBros-Ballestrinque"/>
				<Option type="4"/>
				<MakeCommands>
					<Build command="/usr/bin/make -f &quot;/home/bata340/Documentos/Taller_I/MarioBros-Ballestrinque/Makefile&quot;  VERBOSE=1 install/local"/>
					<CompileFile command="/usr/bin/make -f &quot;/home/bata340/Documentos/Taller_I/MarioBros-Ballestrinque/Makefile&quot;  VERBOSE=1 &quot;$file&quot;"/>
					<Clean command="/usr/bin/make -f &quot;/home/bata340/Documentos/Taller_I/MarioBros-Ballestrinque/Makefile&quot;  VERBOSE=1 clean"/>
					<DistClean command="/usr/bin/make -f &quot;/home/bata340/Documentos/Taller_I/MarioBros-Ballestrinque/Makefile&quot;  VERBOSE=1 clean"/>
				</MakeCommands>
			</Target>
			<Target title="MarioBros-Ballestrinque">
				<Option output="/home/bata340/Documentos/Taller_I/MarioBros-Ballestrinque/MarioBros-Ballestrinque" prefix_auto="0" extension_auto="0"/>
				<Option working_dir="/home/bata340/Documentos/Taller_I/MarioBros-Ballestrinque"/>
				<Option object_output="./"/>
				<Option type="1"/>
				<Option compiler="gcc"/>
				<Compiler>
					<Add directory="/usr/include/SDL2"/>
					<Add directory="/home/bata340/Documentos/Taller_I/MarioBros-Ballestrinque/./include"/>
				</Compiler>
				<MakeCommands>
					<Build command="/usr/bin/make -f &quot;/home/bata340/Documentos/Taller_I/MarioBros-Ballestrinque/Makefile&quot;  VERBOSE=1 MarioBros-Ballestrinque"/>
					<CompileFile command="/usr/bin/make -f &quot;/home/bata340/Documentos/Taller_I/MarioBros-Ballestrinque/Makefile&quot;  VERBOSE=1 &quot;$file&quot;"/>
					<Clean command="/usr/bin/make -f &quot;/home/bata340/Documentos/Taller_I/MarioBros-Ballestrinque/Makefile&quot;  VERBOSE=1 clean"/>
					<DistClean command="/usr/bin/make -f &quot;/home/bata340/Documentos/Taller_I/MarioBros-Ballestrinque/Makefile&quot;  VERBOSE=1 clean"/>
				</MakeCommands>
			</Target>
			<Target title="MarioBros-Ballestrinque/fast">
				<Option output="/home/bata340/Documentos/Taller_I/MarioBros-Ballestrinque/MarioBros-Ballestrinque" prefix_auto="0" extension_auto="0"/>
				<Option working_dir="/home/bata340/Documentos/Taller_I/MarioBros-Ballestrinque"/>
				<Option object_output="./"/>
				<Option type="1"/>
				<Option compiler="gcc"/>
				<Compiler>
					<Add directory="/usr/include/SDL2"/>
					<Add directory="/home/bata340/Documentos/Taller_I/MarioBros-Ballestrinque/./include"/>
				</Compiler>
				<MakeCommands>
					<Build command="/usr/bin/make -f &quot;/home/bata340/Documentos/Taller_I/MarioBros-Ballestrinque/Makefile&quot;  VERBOSE=1 MarioBros-Ballestrinque/fast"/>
					<CompileFile command="/usr/bin/make -f &quot;/home/bata340/Documentos/Taller_I/MarioBros-Ballestrinque/Makefile&quot;  VERBOSE=1 &quot;$file&quot;"/>
					<Clean command="/usr/bin/make -f &quot;/home/bata340/Documentos/Taller_I/MarioBros-Ballestrinque/Makefile&quot;  VERBOSE=1 clean"/>
					<DistClean command="/usr/bin/make -f &quot;/home/bata340/Documentos/Taller_I/MarioBros-Ballestrinque/Makefile&quot;  VERBOSE=1 clean"/>
				</MakeCommands>
			</Target>
			<Target title="rebuild_cache">
				<Option working_dir="/home/bata340/Documentos/Taller_I/MarioBros-Ballestrinque"/>
				<Option type="4"/>
				<MakeCommands>
					<Build command="/usr/bin/make -f &quot;/home/bata340/Documentos/Taller_I/MarioBros-Ballestrinque/Makefile&quot;  VERBOSE=1 rebuild_cache"/>
					<CompileFile command="/usr/bin/make -f &quot;/home/bata340/Documentos/Taller_I/MarioBros-Ballestrinque/Makefile&quot;  VERBOSE=1 &quot;$file&quot;"/>
					<Clean command="/usr/bin/make -f &quot;/home/bata340/Documentos/Taller_I/MarioBros-Ballestrinque/Makefile&quot;  VERBOSE=1 clean"/>
					<DistClean command="/usr/bin/make -f &quot;/home/bata340/Documentos/Taller_I/MarioBros-Ballestrinque/Makefile&quot;  VERBOSE=1 clean"/>
				</MakeCommands>
			</Target>
			<Target title="edit_cache">
				<Option working_dir="/home/bata340/Documentos/Taller_I/MarioBros-Ballestrinque"/>
				<Option type="4"/>
				<MakeCommands>
					<Build command="/usr/bin/make -f &quot;/home/bata340/Documentos/Taller_I/MarioBros-Ballestrinque/Makefile&quot;  VERBOSE=1 edit_cache"/>
					<CompileFile command="/usr/bin/make -f &quot;/home/bata340/Documentos/Taller_I/MarioBros-Ballestrinque/Makefile&quot;  VERBOSE=1 &quot;$file&quot;"/>
					<Clean command="/usr/bin/make -f &quot;/home/bata340/Documentos/Taller_I/MarioBros-Ballestrinque/Makefile&quot;  VERBOSE=1 clean"/>
					<DistClean command="/usr/bin/make -f &quot;/home/bata340/Documentos/Taller_I/MarioBros-Ballestrinque/Makefile&quot;  VERBOSE=1 clean"/>
				</MakeCommands>
			</Target>
			<Target title="install">
				<Option working_dir="/home/bata340/Documentos/Taller_I/MarioBros-Ballestrinque"/>
				<Option type="4"/>
				<MakeCommands>
					<Build command="/usr/bin/make -f &quot;/home/bata340/Documentos/Taller_I/MarioBros-Ballestrinque/Makefile&quot;  VERBOSE=1 install"/>
					<CompileFile command="/usr/bin/make -f &quot;/home/bata340/Documentos/Taller_I/MarioBros-Ballestrinque/Makefile&quot;  VERBOSE=1 &quot;$file&quot;"/>
					<Clean command="/usr/bin/make -f &quot;/home/bata340/Documentos/Taller_I/MarioBros-Ballestrinque/Makefile&quot;  VERBOSE=1 clean"/>
					<DistClean command="/usr/bin/make -f &quot;/home/bata340/Documentos/Taller_I/MarioBros-Ballestrinque/Makefile&quot;  VERBOSE=1 clean"/>
				</MakeCommands>
			</Target>
			<Target title="list_install_components">
				<Option working_dir="/home/bata340/Documentos/Taller_I/MarioBros-Ballestrinque"/>
				<Option type="4"/>
				<MakeCommands>
					<Build command="/usr/bin/make -f &quot;/home/bata340/Documentos/Taller_I/MarioBros-Ballestrinque/Makefile&quot;  VERBOSE=1 list_install_components"/>
					<CompileFile command="/usr/bin/make -f &quot;/home/bata340/Documentos/Taller_I/MarioBros-Ballestrinque/Makefile&quot;  VERBOSE=1 &quot;$file&quot;"/>
					<Clean command="/usr/bin/make -f &quot;/home/bata340/Documentos/Taller_I/MarioBros-Ballestrinque/Makefile&quot;  VERBOSE=1 clean"/>
					<DistClean command="/usr/bin/make -f &quot;/home/bata340/Documentos/Taller_I/MarioBros-Ballestrinque/Makefile&quot;  VERBOSE=1 clean"/>
				</MakeCommands>
			</Target>
			<Target title="Google_Tests_run">
				<Option output="/home/bata340/Documentos/Taller_I/MarioBros-Ballestrinque/Google_tests/Google_Tests_run" prefix_auto="0" extension_auto="0"/>
				<Option working_dir="/home/bata340/Documentos/Taller_I/MarioBros-Ballestrinque/Google_tests"/>
				<Option object_output="./"/>
				<Option type="1"/>
				<Option compiler="gcc"/>
				<Compiler>
					<Add directory="/usr/include/SDL2"/>
					<Add directory="/home/bata340/Documentos/Taller_I/MarioBros-Ballestrinque/./include"/>
					<Add directory="/home/bata340/Documentos/Taller_I/MarioBros-Ballestrinque/Google_tests/./include"/>
					<Add directory="/home/bata340/Documentos/Taller_I/MarioBros-Ballestrinque/Google_tests/lib/googletest/include"/>
					<Add directory="/home/bata340/Documentos/Taller_I/MarioBros-Ballestrinque/Google_tests/lib/googletest"/>
				</Compiler>
				<MakeCommands>
					<Build command="/usr/bin/make -f &quot;/home/bata340/Documentos/Taller_I/MarioBros-Ballestrinque/Google_tests/Makefile&quot;  VERBOSE=1 Google_Tests_run"/>
					<CompileFile command="/usr/bin/make -f &quot;/home/bata340/Documentos/Taller_I/MarioBros-Ballestrinque/Google_tests/Makefile&quot;  VERBOSE=1 &quot;$file&quot;"/>
					<Clean command="/usr/bin/make -f &quot;/home/bata340/Documentos/Taller_I/MarioBros-Ballestrinque/Google_tests/Makefile&quot;  VERBOSE=1 clean"/>
					<DistClean command="/usr/bin/make -f &quot;/home/bata340/Documentos/Taller_I/MarioBros-Ballestrinque/Google_tests/Makefile&quot;  VERBOSE=1 clean"/>
				</MakeCommands>
			</Target>
			<Target title="Google_Tests_run/fast">
				<Option output="/home/bata340/Documentos/Taller_I/MarioBros-Ballestrinque/Google_tests/Google_Tests_run" prefix_auto="0" extension_auto="0"/>
				<Option working_dir="/home/bata340/Documentos/Taller_I/MarioBros-Ballestrinque/Google_tests"/>
				<Option object_output="./"/>
				<Option type="1"/>
				<Option compiler="gcc"/>
				<Compiler>
					<Add directory="/usr/include/SDL2"/>
					<Add directory="/home/bata340/Documentos/Taller_I/MarioBros-Ballestrinque/./include"/>
					<Add directory="/home/bata340/Documentos/Taller_I/MarioBros-Ballestrinque/Google_tests/./include"/>
					<Add directory="/home/bata340/Documentos/Taller_I/MarioBros-Ballestrinque/Google_tests/lib/googletest/include"/>
					<Add directory="/home/bata340/Documentos/Taller_I/MarioBros-Ballestrinque/Google_tests/lib/googletest"/>
				</Compiler>
				<MakeCommands>
					<Build command="/usr/bin/make -f &quot;/home/bata340/Documentos/Taller_I/MarioBros-Ballestrinque/Google_tests/Makefile&quot;  VERBOSE=1 Google_Tests_run/fast"/>
					<CompileFile command="/usr/bin/make -f &quot;/home/bata340/Documentos/Taller_I/MarioBros-Ballestrinque/Google_tests/Makefile&quot;  VERBOSE=1 &quot;$file&quot;"/>
					<Clean command="/usr/bin/make -f &quot;/home/bata340/Documentos/Taller_I/MarioBros-Ballestrinque/Google_tests/Makefile&quot;  VERBOSE=1 clean"/>
					<DistClean command="/usr/bin/make -f &quot;/home/bata340/Documentos/Taller_I/MarioBros-Ballestrinque/Google_tests/Makefile&quot;  VERBOSE=1 clean"/>
				</MakeCommands>
			</Target>
			<Target title="gmock_main">
				<Option output="/home/bata340/Documentos/Taller_I/MarioBros-Ballestrinque/lib/libgmock_main.a" prefix_auto="0" extension_auto="0"/>
				<Option working_dir="/home/bata340/Documentos/Taller_I/MarioBros-Ballestrinque/Google_tests/lib/googlemock"/>
				<Option object_output="./"/>
				<Option type="2"/>
				<Option compiler="gcc"/>
				<Compiler>
					<Add directory="/usr/include/SDL2"/>
					<Add directory="/home/bata340/Documentos/Taller_I/MarioBros-Ballestrinque/./include"/>
					<Add directory="/home/bata340/Documentos/Taller_I/MarioBros-Ballestrinque/Google_tests/lib/googlemock/include"/>
					<Add directory="/home/bata340/Documentos/Taller_I/MarioBros-Ballestrinque/Google_tests/lib/googlemock"/>
					<Add directory="/home/bata340/Documentos/Taller_I/MarioBros-Ballestrinque/Google_tests/lib/googletest/include"/>
					<Add directory="/home/bata340/Documentos/Taller_I/MarioBros-Ballestrinque/Google_tests/lib/googletest"/>
				</Compiler>
				<MakeCommands>
					<Build command="/usr/bin/make -f &quot;/home/bata340/Documentos/Taller_I/MarioBros-Ballestrinque/Google_tests/lib/googlemock/Makefile&quot;  VERBOSE=1 gmock_main"/>
					<CompileFile command="/usr/bin/make -f &quot;/home/bata340/Documentos/Taller_I/MarioBros-Ballestrinque/Google_tests/lib/googlemock/Makefile&quot;  VERBOSE=1 &quot;$file&quot;"/>
					<Clean command="/usr/bin/make -f &quot;/home/bata340/Documentos/Taller_I/MarioBros-Ballestrinque/Google_tests/lib/googlemock/Makefile&quot;  VERBOSE=1 clean"/>
					<DistClean command="/usr/bin/make -f &quot;/home/bata340/Documentos/Taller_I/MarioBros-Ballestrinque/Google_tests/lib/googlemock/Makefile&quot;  VERBOSE=1 clean"/>
				</MakeCommands>
			</Target>
			<Target title="gmock_main/fast">
				<Option output="/home/bata340/Documentos/Taller_I/MarioBros-Ballestrinque/lib/libgmock_main.a" prefix_auto="0" extension_auto="0"/>
				<Option working_dir="/home/bata340/Documentos/Taller_I/MarioBros-Ballestrinque/Google_tests/lib/googlemock"/>
				<Option object_output="./"/>
				<Option type="2"/>
				<Option compiler="gcc"/>
				<Compiler>
					<Add directory="/usr/include/SDL2"/>
					<Add directory="/home/bata340/Documentos/Taller_I/MarioBros-Ballestrinque/./include"/>
					<Add directory="/home/bata340/Documentos/Taller_I/MarioBros-Ballestrinque/Google_tests/lib/googlemock/include"/>
					<Add directory="/home/bata340/Documentos/Taller_I/MarioBros-Ballestrinque/Google_tests/lib/googlemock"/>
					<Add directory="/home/bata340/Documentos/Taller_I/MarioBros-Ballestrinque/Google_tests/lib/googletest/include"/>
					<Add directory="/home/bata340/Documentos/Taller_I/MarioBros-Ballestrinque/Google_tests/lib/googletest"/>
				</Compiler>
				<MakeCommands>
					<Build command="/usr/bin/make -f &quot;/home/bata340/Documentos/Taller_I/MarioBros-Ballestrinque/Google_tests/lib/googlemock/Makefile&quot;  VERBOSE=1 gmock_main/fast"/>
					<CompileFile command="/usr/bin/make -f &quot;/home/bata340/Documentos/Taller_I/MarioBros-Ballestrinque/Google_tests/lib/googlemock/Makefile&quot;  VERBOSE=1 &quot;$file&quot;"/>
					<Clean command="/usr/bin/make -f &quot;/home/bata340/Documentos/Taller_I/MarioBros-Ballestrinque/Google_tests/lib/googlemock/Makefile&quot;  VERBOSE=1 clean"/>
					<DistClean command="/usr/bin/make -f &quot;/home/bata340/Documentos/Taller_I/MarioBros-Ballestrinque/Google_tests/lib/googlemock/Makefile&quot;  VERBOSE=1 clean"/>
				</MakeCommands>
			</Target>
			<Target title="gmock">
				<Option output="/home/bata340/Documentos/Taller_I/MarioBros-Ballestrinque/lib/libgmock.a" prefix_auto="0" extension_auto="0"/>
				<Option working_dir="/home/bata340/Documentos/Taller_I/MarioBros-Ballestrinque/Google_tests/lib/googlemock"/>
				<Option object_output="./"/>
				<Option type="2"/>
				<Option compiler="gcc"/>
				<Compiler>
					<Add directory="/usr/include/SDL2"/>
					<Add directory="/home/bata340/Documentos/Taller_I/MarioBros-Ballestrinque/./include"/>
					<Add directory="/home/bata340/Documentos/Taller_I/MarioBros-Ballestrinque/Google_tests/lib/googlemock/include"/>
					<Add directory="/home/bata340/Documentos/Taller_I/MarioBros-Ballestrinque/Google_tests/lib/googlemock"/>
					<Add directory="/home/bata340/Documentos/Taller_I/MarioBros-Ballestrinque/Google_tests/lib/googletest/include"/>
					<Add directory="/home/bata340/Documentos/Taller_I/MarioBros-Ballestrinque/Google_tests/lib/googletest"/>
				</Compiler>
				<MakeCommands>
					<Build command="/usr/bin/make -f &quot;/home/bata340/Documentos/Taller_I/MarioBros-Ballestrinque/Google_tests/lib/googlemock/Makefile&quot;  VERBOSE=1 gmock"/>
					<CompileFile command="/usr/bin/make -f &quot;/home/bata340/Documentos/Taller_I/MarioBros-Ballestrinque/Google_tests/lib/googlemock/Makefile&quot;  VERBOSE=1 &quot;$file&quot;"/>
					<Clean command="/usr/bin/make -f &quot;/home/bata340/Documentos/Taller_I/MarioBros-Ballestrinque/Google_tests/lib/googlemock/Makefile&quot;  VERBOSE=1 clean"/>
					<DistClean command="/usr/bin/make -f &quot;/home/bata340/Documentos/Taller_I/MarioBros-Ballestrinque/Google_tests/lib/googlemock/Makefile&quot;  VERBOSE=1 clean"/>
				</MakeCommands>
			</Target>
			<Target title="gmock/fast">
				<Option output="/home/bata340/Documentos/Taller_I/MarioBros-Ballestrinque/lib/libgmock.a" prefix_auto="0" extension_auto="0"/>
				<Option working_dir="/home/bata340/Documentos/Taller_I/MarioBros-Ballestrinque/Google_tests/lib/googlemock"/>
				<Option object_output="./"/>
				<Option type="2"/>
				<Option compiler="gcc"/>
				<Compiler>
					<Add directory="/usr/include/SDL2"/>
					<Add directory="/home/bata340/Documentos/Taller_I/MarioBros-Ballestrinque/./include"/>
					<Add directory="/home/bata340/Documentos/Taller_I/MarioBros-Ballestrinque/Google_tests/lib/googlemock/include"/>
					<Add directory="/home/bata340/Documentos/Taller_I/MarioBros-Ballestrinque/Google_tests/lib/googlemock"/>
					<Add directory="/home/bata340/Documentos/Taller_I/MarioBros-Ballestrinque/Google_tests/lib/googletest/include"/>
					<Add directory="/home/bata340/Documentos/Taller_I/MarioBros-Ballestrinque/Google_tests/lib/googletest"/>
				</Compiler>
				<MakeCommands>
					<Build command="/usr/bin/make -f &quot;/home/bata340/Documentos/Taller_I/MarioBros-Ballestrinque/Google_tests/lib/googlemock/Makefile&quot;  VERBOSE=1 gmock/fast"/>
					<CompileFile command="/usr/bin/make -f &quot;/home/bata340/Documentos/Taller_I/MarioBros-Ballestrinque/Google_tests/lib/googlemock/Makefile&quot;  VERBOSE=1 &quot;$file&quot;"/>
					<Clean command="/usr/bin/make -f &quot;/home/bata340/Documentos/Taller_I/MarioBros-Ballestrinque/Google_tests/lib/googlemock/Makefile&quot;  VERBOSE=1 clean"/>
					<DistClean command="/usr/bin/make -f &quot;/home/bata340/Documentos/Taller_I/MarioBros-Ballestrinque/Google_tests/lib/googlemock/Makefile&quot;  VERBOSE=1 clean"/>
				</MakeCommands>
			</Target>
			<Target title="gtest_main">
				<Option output="/home/bata340/Documentos/Taller_I/MarioBros-Ballestrinque/lib/libgtest_main.a" prefix_auto="0" extension_auto="0"/>
				<Option working_dir="/home/bata340/Documentos/Taller_I/MarioBros-Ballestrinque/Google_tests/lib/googletest"/>
				<Option object_output="./"/>
				<Option type="2"/>
				<Option compiler="gcc"/>
				<Compiler>
					<Add directory="/usr/include/SDL2"/>
					<Add directory="/home/bata340/Documentos/Taller_I/MarioBros-Ballestrinque/./include"/>
					<Add directory="/home/bata340/Documentos/Taller_I/MarioBros-Ballestrinque/Google_tests/lib/googletest/include"/>
					<Add directory="/home/bata340/Documentos/Taller_I/MarioBros-Ballestrinque/Google_tests/lib/googletest"/>
				</Compiler>
				<MakeCommands>
					<Build command="/usr/bin/make -f &quot;/home/bata340/Documentos/Taller_I/MarioBros-Ballestrinque/Google_tests/lib/googletest/Makefile&quot;  VERBOSE=1 gtest_main"/>
					<CompileFile command="/usr/bin/make -f &quot;/home/bata340/Documentos/Taller_I/MarioBros-Ballestrinque/Google_tests/lib/googletest/Makefile&quot;  VERBOSE=1 &quot;$file&quot;"/>
					<Clean command="/usr/bin/make -f &quot;/home/bata340/Documentos/Taller_I/MarioBros-Ballestrinque/Google_tests/lib/googletest/Makefile&quot;  VERBOSE=1 clean"/>
					<DistClean command="/usr/bin/make -f &quot;/home/bata340/Documentos/Taller_I/MarioBros-Ballestrinque/Google_tests/lib/googletest/Makefile&quot;  VERBOSE=1 clean"/>
				</MakeCommands>
			</Target>
			<Target title="gtest_main/fast">
				<Option output="/home/bata340/Documentos/Taller_I/MarioBros-Ballestrinque/lib/libgtest_main.a" prefix_auto="0" extension_auto="0"/>
				<Option working_dir="/home/bata340/Documentos/Taller_I/MarioBros-Ballestrinque/Google_tests/lib/googletest"/>
				<Option object_output="./"/>
				<Option type="2"/>
				<Option compiler="gcc"/>
				<Compiler>
					<Add directory="/usr/include/SDL2"/>
					<Add directory="/home/bata340/Documentos/Taller_I/MarioBros-Ballestrinque/./include"/>
					<Add directory="/home/bata340/Documentos/Taller_I/MarioBros-Ballestrinque/Google_tests/lib/googletest/include"/>
					<Add directory="/home/bata340/Documentos/Taller_I/MarioBros-Ballestrinque/Google_tests/lib/googletest"/>
				</Compiler>
				<MakeCommands>
					<Build command="/usr/bin/make -f &quot;/home/bata340/Documentos/Taller_I/MarioBros-Ballestrinque/Google_tests/lib/googletest/Makefile&quot;  VERBOSE=1 gtest_main/fast"/>
					<CompileFile command="/usr/bin/make -f &quot;/home/bata340/Documentos/Taller_I/MarioBros-Ballestrinque/Google_tests/lib/googletest/Makefile&quot;  VERBOSE=1 &quot;$file&quot;"/>
					<Clean command="/usr/bin/make -f &quot;/home/bata340/Documentos/Taller_I/MarioBros-Ballestrinque/Google_tests/lib/googletest/Makefile&quot;  VERBOSE=1 clean"/>
					<DistClean command="/usr/bin/make -f &quot;/home/bata340/Documentos/Taller_I/MarioBros-Ballestrinque/Google_tests/lib/googletest/Makefile&quot;  VERBOSE=1 clean"/>
				</MakeCommands>
			</Target>
			<Target title="gtest">
				<Option output="/home/bata340/Documentos/Taller_I/MarioBros-Ballestrinque/lib/libgtest.a" prefix_auto="0" extension_auto="0"/>
				<Option working_dir="/home/bata340/Documentos/Taller_I/MarioBros-Ballestrinque/Google_tests/lib/googletest"/>
				<Option object_output="./"/>
				<Option type="2"/>
				<Option compiler="gcc"/>
				<Compiler>
					<Add directory="/usr/include/SDL2"/>
					<Add directory="/home/bata340/Documentos/Taller_I/MarioBros-Ballestrinque/./include"/>
					<Add directory="/home/bata340/Documentos/Taller_I/MarioBros-Ballestrinque/Google_tests/lib/googletest/include"/>
					<Add directory="/home/bata340/Documentos/Taller_I/MarioBros-Ballestrinque/Google_tests/lib/googletest"/>
				</Compiler>
				<MakeCommands>
					<Build command="/usr/bin/make -f &quot;/home/bata340/Documentos/Taller_I/MarioBros-Ballestrinque/Google_tests/lib/googletest/Makefile&quot;  VERBOSE=1 gtest"/>
					<CompileFile command="/usr/bin/make -f &quot;/home/bata340/Documentos/Taller_I/MarioBros-Ballestrinque/Google_tests/lib/googletest/Makefile&quot;  VERBOSE=1 &quot;$file&quot;"/>
					<Clean command="/usr/bin/make -f &quot;/home/bata340/Documentos/Taller_I/MarioBros-Ballestrinque/Google_tests/lib/googletest/Makefile&quot;  VERBOSE=1 clean"/>
					<DistClean command="/usr/bin/make -f &quot;/home/bata340/Documentos/Taller_I/MarioBros-Ballestrinque/Google_tests/lib/googletest/Makefile&quot;  VERBOSE=1 clean"/>
				</MakeCommands>
			</Target>
			<Target title="gtest/fast">
				<Option output="/home/bata340/Documentos/Taller_I/MarioBros-Ballestrinque/lib/libgtest.a" prefix_auto="0" extension_auto="0"/>
				<Option working_dir="/home/bata340/Documentos/Taller_I/MarioBros-Ballestrinque/Google_tests/lib/googletest"/>
				<Option object_output="./"/>
				<Option type="2"/>
				<Option compiler="gcc"/>
				<Compiler>
					<Add directory="/usr/include/SDL2"/>
					<Add directory="/home/bata340/Documentos/Taller_I/MarioBros-Ballestrinque/./include"/>
					<Add directory="/home/bata340/Documentos/Taller_I/MarioBros-Ballestrinque/Google_tests/lib/googletest/include"/>
					<Add directory="/home/bata340/Documentos/Taller_I/MarioBros-Ballestrinque/Google_tests/lib/googletest"/>
				</Compiler>
				<MakeCommands>
					<Build command="/usr/bin/make -f &quot;/home/bata340/Documentos/Taller_I/MarioBros-Ballestrinque/Google_tests/lib/googletest/Makefile&quot;  VERBOSE=1 gtest/fast"/>
					<CompileFile command="/usr/bin/make -f &quot;/home/bata340/Documentos/Taller_I/MarioBros-Ballestrinque/Google_tests/lib/googletest/Makefile&quot;  VERBOSE=1 &quot;$file&quot;"/>
					<Clean command="/usr/bin/make -f &quot;/home/bata340/Documentos/Taller_I/MarioBros-Ballestrinque/Google_tests/lib/googletest/Makefile&quot;  VERBOSE=1 clean"/>
					<DistClean command="/usr/bin/make -f &quot;/home/bata340/Documentos/Taller_I/MarioBros-Ballestrinque/Google_tests/lib/googletest/Makefile&quot;  VERBOSE=1 clean"/>
				</MakeCommands>
			</Target>
		</Build>
		<Unit filename="/home/bata340/Documentos/Taller_I/MarioBros-Ballestrinque/Google_tests/ClienteTest.cpp">
			<Option target="Google_Tests_run"/>
		</Unit>
		<Unit filename="/home/bata340/Documentos/Taller_I/MarioBros-Ballestrinque/Google_tests/ServidorTest.cpp">
			<Option target="Google_Tests_run"/>
		</Unit>
		<Unit filename="/home/bata340/Documentos/Taller_I/MarioBros-Ballestrinque/Google_tests/TestBasico.cpp">
			<Option target="Google_Tests_run"/>
		</Unit>
		<Unit filename="/home/bata340/Documentos/Taller_I/MarioBros-Ballestrinque/Google_tests/lib/googlemock/src/gmock-all.cc">
			<Option target="gmock"/>
		</Unit>
		<Unit filename="/home/bata340/Documentos/Taller_I/MarioBros-Ballestrinque/Google_tests/lib/googlemock/src/gmock_main.cc">
			<Option target="gmock_main"/>
		</Unit>
		<Unit filename="/home/bata340/Documentos/Taller_I/MarioBros-Ballestrinque/Google_tests/lib/googletest/src/gtest-all.cc">
			<Option target="gtest"/>
		</Unit>
		<Unit filename="/home/bata340/Documentos/Taller_I/MarioBros-Ballestrinque/Google_tests/lib/googletest/src/gtest_main.cc">
			<Option target="gtest_main"/>
		</Unit>
		<Unit filename="/home/bata340/Documentos/Taller_I/MarioBros-Ballestrinque/include/Background.h">
			<Option target="MarioBros-Ballestrinque"/>
			<Option target="Google_Tests_run"/>
		</Unit>
		<Unit filename="/home/bata340/Documentos/Taller_I/MarioBros-Ballestrinque/include/Camara.h">
			<Option target="MarioBros-Ballestrinque"/>
			<Option target="Google_Tests_run"/>
		</Unit>
		<Unit filename="/home/bata340/Documentos/Taller_I/MarioBros-Ballestrinque/include/Cliente.h">
			<Option target="MarioBros-Ballestrinque"/>
			<Option target="Google_Tests_run"/>
		</Unit>
		<Unit filename="/home/bata340/Documentos/Taller_I/MarioBros-Ballestrinque/include/Colisionador.h">
			<Option target="MarioBros-Ballestrinque"/>
			<Option target="Google_Tests_run"/>
		</Unit>
		<Unit filename="/home/bata340/Documentos/Taller_I/MarioBros-Ballestrinque/include/Dibujador.h">
			<Option target="MarioBros-Ballestrinque"/>
			<Option target="Google_Tests_run"/>
		</Unit>
		<Unit filename="/home/bata340/Documentos/Taller_I/MarioBros-Ballestrinque/include/Enemigo.h">
			<Option target="MarioBros-Ballestrinque"/>
			<Option target="Google_Tests_run"/>
		</Unit>
		<Unit filename="/home/bata340/Documentos/Taller_I/MarioBros-Ballestrinque/include/Escenario.h">
			<Option target="MarioBros-Ballestrinque"/>
			<Option target="Google_Tests_run"/>
		</Unit>
		<Unit filename="/home/bata340/Documentos/Taller_I/MarioBros-Ballestrinque/include/Goomba.h">
			<Option target="MarioBros-Ballestrinque"/>
			<Option target="Google_Tests_run"/>
		</Unit>
		<Unit filename="/home/bata340/Documentos/Taller_I/MarioBros-Ballestrinque/include/Hongo.h">
			<Option target="MarioBros-Ballestrinque"/>
			<Option target="Google_Tests_run"/>
		</Unit>
		<Unit filename="/home/bata340/Documentos/Taller_I/MarioBros-Ballestrinque/include/Juego.h">
			<Option target="MarioBros-Ballestrinque"/>
			<Option target="Google_Tests_run"/>
		</Unit>
		<Unit filename="/home/bata340/Documentos/Taller_I/MarioBros-Ballestrinque/include/Jugador.h">
			<Option target="MarioBros-Ballestrinque"/>
			<Option target="Google_Tests_run"/>
		</Unit>
		<Unit filename="/home/bata340/Documentos/Taller_I/MarioBros-Ballestrinque/include/Ladrillo.h">
			<Option target="MarioBros-Ballestrinque"/>
			<Option target="Google_Tests_run"/>
		</Unit>
		<Unit filename="/home/bata340/Documentos/Taller_I/MarioBros-Ballestrinque/include/LectorXML.h">
			<Option target="MarioBros-Ballestrinque"/>
			<Option target="Google_Tests_run"/>
		</Unit>
		<Unit filename="/home/bata340/Documentos/Taller_I/MarioBros-Ballestrinque/include/Log.h">
			<Option target="MarioBros-Ballestrinque"/>
			<Option target="Google_Tests_run"/>
		</Unit>
		<Unit filename="/home/bata340/Documentos/Taller_I/MarioBros-Ballestrinque/include/Logger.h">
			<Option target="MarioBros-Ballestrinque"/>
			<Option target="Google_Tests_run"/>
		</Unit>
		<Unit filename="/home/bata340/Documentos/Taller_I/MarioBros-Ballestrinque/include/Mensajes.h">
			<Option target="MarioBros-Ballestrinque"/>
			<Option target="Google_Tests_run"/>
		</Unit>
		<Unit filename="/home/bata340/Documentos/Taller_I/MarioBros-Ballestrinque/include/Moneda.h">
			<Option target="MarioBros-Ballestrinque"/>
			<Option target="Google_Tests_run"/>
		</Unit>
		<Unit filename="/home/bata340/Documentos/Taller_I/MarioBros-Ballestrinque/include/Renderer.h">
			<Option target="MarioBros-Ballestrinque"/>
			<Option target="Google_Tests_run"/>
		</Unit>
		<Unit filename="/home/bata340/Documentos/Taller_I/MarioBros-Ballestrinque/include/ReproductorDeSonido.h">
			<Option target="MarioBros-Ballestrinque"/>
			<Option target="Google_Tests_run"/>
		</Unit>
		<Unit filename="/home/bata340/Documentos/Taller_I/MarioBros-Ballestrinque/include/Servidor.h">
			<Option target="MarioBros-Ballestrinque"/>
			<Option target="Google_Tests_run"/>
		</Unit>
		<Unit filename="/home/bata340/Documentos/Taller_I/MarioBros-Ballestrinque/include/Sorpresa.h">
			<Option target="MarioBros-Ballestrinque"/>
			<Option target="Google_Tests_run"/>
		</Unit>
		<Unit filename="/home/bata340/Documentos/Taller_I/MarioBros-Ballestrinque/include/Temporizador.h">
			<Option target="MarioBros-Ballestrinque"/>
			<Option target="Google_Tests_run"/>
		</Unit>
		<Unit filename="/home/bata340/Documentos/Taller_I/MarioBros-Ballestrinque/include/TextWriter.h">
			<Option target="MarioBros-Ballestrinque"/>
			<Option target="Google_Tests_run"/>
		</Unit>
		<Unit filename="/home/bata340/Documentos/Taller_I/MarioBros-Ballestrinque/include/Texturas.h">
			<Option target="MarioBros-Ballestrinque"/>
			<Option target="Google_Tests_run"/>
		</Unit>
		<Unit filename="/home/bata340/Documentos/Taller_I/MarioBros-Ballestrinque/include/Tortuga.h">
			<Option target="MarioBros-Ballestrinque"/>
			<Option target="Google_Tests_run"/>
		</Unit>
		<Unit filename="/home/bata340/Documentos/Taller_I/MarioBros-Ballestrinque/src/Background.cpp">
			<Option target="MarioBros-Ballestrinque"/>
			<Option target="Google_Tests_run"/>
		</Unit>
		<Unit filename="/home/bata340/Documentos/Taller_I/MarioBros-Ballestrinque/src/Camara.cpp">
			<Option target="MarioBros-Ballestrinque"/>
			<Option target="Google_Tests_run"/>
		</Unit>
		<Unit filename="/home/bata340/Documentos/Taller_I/MarioBros-Ballestrinque/src/Cliente.cpp">
			<Option target="MarioBros-Ballestrinque"/>
			<Option target="Google_Tests_run"/>
		</Unit>
		<Unit filename="/home/bata340/Documentos/Taller_I/MarioBros-Ballestrinque/src/Colisionador.cpp">
			<Option target="MarioBros-Ballestrinque"/>
			<Option target="Google_Tests_run"/>
		</Unit>
		<Unit filename="/home/bata340/Documentos/Taller_I/MarioBros-Ballestrinque/src/Dibujador.cpp">
			<Option target="MarioBros-Ballestrinque"/>
			<Option target="Google_Tests_run"/>
		</Unit>
		<Unit filename="/home/bata340/Documentos/Taller_I/MarioBros-Ballestrinque/src/Enemigo.cpp">
			<Option target="MarioBros-Ballestrinque"/>
			<Option target="Google_Tests_run"/>
		</Unit>
		<Unit filename="/home/bata340/Documentos/Taller_I/MarioBros-Ballestrinque/src/Escenario.cpp">
			<Option target="MarioBros-Ballestrinque"/>
			<Option target="Google_Tests_run"/>
		</Unit>
		<Unit filename="/home/bata340/Documentos/Taller_I/MarioBros-Ballestrinque/src/Goomba.cpp">
			<Option target="MarioBros-Ballestrinque"/>
			<Option target="Google_Tests_run"/>
		</Unit>
		<Unit filename="/home/bata340/Documentos/Taller_I/MarioBros-Ballestrinque/src/Hongo.cpp">
			<Option target="MarioBros-Ballestrinque"/>
			<Option target="Google_Tests_run"/>
		</Unit>
		<Unit filename="/home/bata340/Documentos/Taller_I/MarioBros-Ballestrinque/src/Juego.cpp">
			<Option target="MarioBros-Ballestrinque"/>
		</Unit>
		<Unit filename="/home/bata340/Documentos/Taller_I/MarioBros-Ballestrinque/src/Jugador.cpp">
			<Option target="MarioBros-Ballestrinque"/>
			<Option target="Google_Tests_run"/>
		</Unit>
		<Unit filename="/home/bata340/Documentos/Taller_I/MarioBros-Ballestrinque/src/Ladrillo.cpp">
			<Option target="MarioBros-Ballestrinque"/>
			<Option target="Google_Tests_run"/>
		</Unit>
		<Unit filename="/home/bata340/Documentos/Taller_I/MarioBros-Ballestrinque/src/LectorXML.cpp">
			<Option target="MarioBros-Ballestrinque"/>
			<Option target="Google_Tests_run"/>
		</Unit>
		<Unit filename="/home/bata340/Documentos/Taller_I/MarioBros-Ballestrinque/src/Log.cpp">
			<Option target="MarioBros-Ballestrinque"/>
			<Option target="Google_Tests_run"/>
		</Unit>
		<Unit filename="/home/bata340/Documentos/Taller_I/MarioBros-Ballestrinque/src/Logger.cpp">
			<Option target="MarioBros-Ballestrinque"/>
			<Option target="Google_Tests_run"/>
		</Unit>
		<Unit filename="/home/bata340/Documentos/Taller_I/MarioBros-Ballestrinque/src/Moneda.cpp">
			<Option target="MarioBros-Ballestrinque"/>
			<Option target="Google_Tests_run"/>
		</Unit>
		<Unit filename="/home/bata340/Documentos/Taller_I/MarioBros-Ballestrinque/src/Renderer.cpp">
			<Option target="MarioBros-Ballestrinque"/>
			<Option target="Google_Tests_run"/>
		</Unit>
		<Unit filename="/home/bata340/Documentos/Taller_I/MarioBros-Ballestrinque/src/ReproductorDeSonido.cpp">
			<Option target="MarioBros-Ballestrinque"/>
			<Option target="Google_Tests_run"/>
		</Unit>
		<Unit filename="/home/bata340/Documentos/Taller_I/MarioBros-Ballestrinque/src/Servidor.cpp">
			<Option target="MarioBros-Ballestrinque"/>
			<Option target="Google_Tests_run"/>
		</Unit>
		<Unit filename="/home/bata340/Documentos/Taller_I/MarioBros-Ballestrinque/src/Sorpresa.cpp">
			<Option target="MarioBros-Ballestrinque"/>
			<Option target="Google_Tests_run"/>
		</Unit>
		<Unit filename="/home/bata340/Documentos/Taller_I/MarioBros-Ballestrinque/src/Temporizador.cpp">
			<Option target="MarioBros-Ballestrinque"/>
			<Option target="Google_Tests_run"/>
		</Unit>
		<Unit filename="/home/bata340/Documentos/Taller_I/MarioBros-Ballestrinque/src/TextWriter.cpp">
			<Option target="MarioBros-Ballestrinque"/>
			<Option target="Google_Tests_run"/>
		</Unit>
		<Unit filename="/home/bata340/Documentos/Taller_I/MarioBros-Ballestrinque/src/Tortuga.cpp">
			<Option target="MarioBros-Ballestrinque"/>
			<Option target="Google_Tests_run"/>
		</Unit>
		<Unit filename="/home/bata340/Documentos/Taller_I/MarioBros-Ballestrinque/src/main.cpp">
			<Option target="MarioBros-Ballestrinque"/>
		</Unit>
		<Unit filename="/home/bata340/Documentos/Taller_I/MarioBros-Ballestrinque/CMakeLists.txt">
			<Option virtualFolder="CMake Files\"/>
		</Unit>
		<Unit filename="/home/bata340/Documentos/Taller_I/MarioBros-Ballestrinque/FindSDL2TTF.cmake">
			<Option virtualFolder="CMake Files\"/>
		</Unit>
		<Unit filename="/home/bata340/Documentos/Taller_I/MarioBros-Ballestrinque/FindSDL2_image.cmake">
			<Option virtualFolder="CMake Files\"/>
		</Unit>
		<Unit filename="/home/bata340/Documentos/Taller_I/MarioBros-Ballestrinque/FindSDL2_mixer.cmake">
			<Option virtualFolder="CMake Files\"/>
		</Unit>
		<Unit filename="/home/bata340/Documentos/Taller_I/MarioBros-Ballestrinque/Google_tests/CMakeLists.txt">
			<Option virtualFolder="CMake Files\Google_tests\"/>
		</Unit>
		<Unit filename="/home/bata340/Documentos/Taller_I/MarioBros-Ballestrinque/Google_tests/lib/CMakeLists.txt">
			<Option virtualFolder="CMake Files\Google_tests\lib\"/>
		</Unit>
		<Unit filename="/home/bata340/Documentos/Taller_I/MarioBros-Ballestrinque/Google_tests/lib/googlemock/CMakeLists.txt">
			<Option virtualFolder="CMake Files\Google_tests\lib\googlemock\"/>
		</Unit>
		<Unit filename="/home/bata340/Documentos/Taller_I/MarioBros-Ballestrinque/Google_tests/lib/googlemock/cmake/gmock.pc.in">
			<Option virtualFolder="CMake Files\Google_tests\lib\googlemock\cmake\"/>
		</Unit>
		<Unit filename="/home/bata340/Documentos/Taller_I/MarioBros-Ballestrinque/Google_tests/lib/googlemock/cmake/gmock_main.pc.in">
			<Option virtualFolder="CMake Files\Google_tests\lib\googlemock\cmake\"/>
		</Unit>
		<Unit filename="/home/bata340/Documentos/Taller_I/MarioBros-Ballestrinque/Google_tests/lib/googletest/CMakeLists.txt">
			<Option virtualFolder="CMake Files\Google_tests\lib\googletest\"/>
		</Unit>
		<Unit filename="/home/bata340/Documentos/Taller_I/MarioBros-Ballestrinque/Google_tests/lib/googletest/cmake/Config.cmake.in">
			<Option virtualFolder="CMake Files\Google_tests\lib\googletest\cmake\"/>
		</Unit>
		<Unit filename="/home/bata340/Documentos/Taller_I/MarioBros-Ballestrinque/Google_tests/lib/googletest/cmake/gtest.pc.in">
			<Option virtualFolder="CMake Files\Google_tests\lib\googletest\cmake\"/>
		</Unit>
		<Unit filename="/home/bata340/Documentos/Taller_I/MarioBros-Ballestrinque/Google_tests/lib/googletest/cmake/gtest_main.pc.in">
			<Option virtualFolder="CMake Files\Google_tests\lib\googletest\cmake\"/>
		</Unit>
		<Unit filename="/home/bata340/Documentos/Taller_I/MarioBros-Ballestrinque/Google_tests/lib/googletest/cmake/internal_utils.cmake">
			<Option virtualFolder="CMake Files\Google_tests\lib\googletest\cmake\"/>
		</Unit>
		<Unit filename="/home/bata340/Documentos/Taller_I/MarioBros-Ballestrinque/../../../../../usr/lib/x86_64-linux-gnu/cmake/SDL2/sdl2-config.cmake">
			<Option virtualFolder="CMake Files\..\..\..\..\..\usr\lib\x86_64-linux-gnu\cmake\SDL2\"/>
		</Unit>
	</Project>
</CodeBlocks_project_file>
